code.cloudfoundry.org/clock v0.0.0-20171121005523-e9dc86bbf0e5 h1:1GnMPkoIUhHCI1N2wUl75EHGzgdr0Qo+JxmSrB0FKUw=
code.cloudfoundry.org/clock v0.0.0-20171121005523-e9dc86bbf0e5/go.mod h1:QD9Lzhd/ux6eNQVUDVRJX/RKTigpewimNYBi7ivZKY8=
code.cloudfoundry.org/lager v1.0.0 h1:ZW/aJB8upEKcCxUexFLoVjT32Iex3eWdkjw0F7wHbpE=
code.cloudfoundry.org/lager v1.0.0/go.mod h1:O2sS7gKP3HM2iemG+EnwvyNQK7pTSC6Foi4QiMp9sSk=
code.cloudfoundry.org/trace-logger v0.0.0-20170119230301-107ef08a939d h1:1I5BueV2nNkvIV40CQ0JQgmD/ijouF0QlLLOz0KMkRo=
code.cloudfoundry.org/trace-logger v0.0.0-20170119230301-107ef08a939d/go.mod h1:KAH6N5nwHViCZsOgmApk6nj8TDuqRGb9R06Hk461Uwc=
code.cloudfoundry.org/uaa-go-client v0.0.0-20180330171353-56db3a97d446 h1:JF5iXWgEzXMl9HxaNQB2pvXIddhZt6tmmx26rKohuus=
code.cloudfoundry.org/uaa-go-client v0.0.0-20180330171353-56db3a97d446/go.mod h1:RPJxhL74iNXTSTQf9EDtdAXJ5fLVAmkVsFtZRHEbgk0=
github.com/dgrijalva/jwt-go v2.7.0+incompatible h1:54T2qn/iIwjg7JGrMsKD3WID0+CaYUrJgyXDM5ckYLk=
github.com/dgrijalva/jwt-go v2.7.0+incompatible/go.mod h1:E3ru+11k8xSBh+hMPgOLZmtrrCbhqsmaPHjLKYnJCaQ=
github.com/golang/protobuf v0.0.0-20160712193813-874264fbbb43 h1:hqD5LoecFbk/F8KRMF5THTQDx6HLNdfCcth8BDpy6JQ=
github.com/golang/protobuf v0.0.0-20160712193813-874264fbbb43/go.mod h1:6lQm79b+lXiMfvg/cZm0SGofjICqVBUtrP5yJMmIC1U=
github.com/kr/pretty v0.2.0/go.mod h1:ipq/a2n7PKx3OHsz4KJII5eveXtPO4qwEXGdVfWzfnI=
github.com/kr/pty v1.1.1/go.mod h1:pFQYn66WHrOpPYNljwOMqo10TkYh1fy3cYio2l3bCsQ=
github.com/kr/text v0.1.0/go.mod h1:4Jbv+DJW3UT/LiOwJeYQe1efqtUx/iVham/4vfdArNI=
github.com/nu7hatch/gouuid v0.0.0-20131221200532-179d4d0c4d8d h1:VhgPp6v9qf9Agr/56bj7Y/xa04UccTW04VP0Qed4vnQ=
github.com/nu7hatch/gouuid v0.0.0-20131221200532-179d4d0c4d8d/go.mod h1:YUTz3bUH2ZwIWBy3CJBeOBEugqcmXREj14T+iG/4k4U=
github.com/onsi/ginkgo v1.2.1-0.20160713133600-01a0bc330e32 h1:0o/mdMYc+qzVCmxzCkBuX9aF+2XC2ayWNiX/laDkgzc=
github.com/onsi/ginkgo v1.2.1-0.20160713133600-01a0bc330e32/go.mod h1:lLunBs/Ym6LB5Z9jYTR76FiuTmxDTDusOGeTQH+WWjE=
github.com/onsi/gomega v0.0.0-20160713044445-9574b2d94c03 h1:0KuWmiYjZpQkXeyUgpH7dbSCPdNxZQOpsUuMNaYC0E8=
github.com/onsi/gomega v0.0.0-20160713044445-9574b2d94c03/go.mod h1:C1qb7wdrVGGVU+Z6iS04AVkA3Q65CEZX59MT0QO5uiA=
github.com/tedsuo/ifrit v0.0.0-20191009134036-9a97d0632f00 h1:mujcChM89zOHwgZBBNr5WZ77mBXP1yR+gLThGCYZgAg=
github.com/tedsuo/ifrit v0.0.0-20191009134036-9a97d0632f00/go.mod h1:eyZnKCc955uh98WQvzOm0dgAeLnf2O0Rz0LPoC5ze+0=
golang.org/x/sys v0.0.0-20160712235641-b518c298ac9d h1:BACjFHymd9+r7XNDiwck5mUWBOWjiwTQLqZXa6upH5o=
golang.org/x/sys v0.0.0-20160712235641-b518c298ac9d/go.mod h1:STP8DvDyc/dI5b8T5hshtkjS+E42TnysNCUPdjciGhY=
gopkg.in/check.v1 v1.0.0-20190902080502-41f04d3bba15/go.mod h1:Co6ibVJAznAaIkqp8huTwlJQCZ016jof/cbN4VW5Yz0=
gopkg.in/yaml.v2 v2.0.0-20160301204022-a83829b6f129 h1:RBgb9aPUbZ9nu66ecQNIBNsA7j3mB5h8PNDIfhPjaJg=
gopkg.in/yaml.v2 v2.0.0-20160301204022-a83829b6f129/go.mod h1:JAlM8MvJe8wmxCU4Bli9HhUf9+ttbYbLASfIpnQbh74=
