# This file is autogenerated, do not edit; changes may be undone by the next 'dep ensure'.


[[projects]]
  name = "code.cloudfoundry.org/cflager"
  packages = ["."]
  revision = "3b0406dd8038bb31452dfaf171c4f0efa55393bf"
  source = "https://github.com/cloudfoundry/cflager"

[[projects]]
  name = "code.cloudfoundry.org/clock"
  packages = ["."]
  revision = "da8295109ceb031ff96dc126bb68d75dd9fddc4b"

[[projects]]
  name = "code.cloudfoundry.org/lager"
  packages = [
    ".",
    "lagerctx",
    "lagertest"
  ]
  revision = "438ab98cc3b9b81e97c2281422b2722cd8e80ed8"

[[projects]]
  branch = "master"
  name = "code.cloudfoundry.org/trace-logger"
  packages = ["."]
  revision = "107ef08a939d5be6092ce2b5f171a16aba149cb2"

[[projects]]
  name = "code.cloudfoundry.org/uaa-go-client"
  packages = [
    ".",
    "config",
    "schema"
  ]
  revision = "64195cff4edb7b374b4777d6ded2a42d6ef8e994"

[[projects]]
  name = "github.com/DATA-DOG/go-sqlmock"
  packages = ["."]
  revision = "f191e8603617b8de5cff91e17997d5eada180133"

[[projects]]
  name = "github.com/cloudfoundry/multierror"
  packages = ["."]
  revision = "6bb1731c7a73a24f2bdaffc04e170d4c2c54d1e7"

[[projects]]
  name = "github.com/dgrijalva/jwt-go"
  packages = ["."]
  revision = "f62f64ea222e5e6d6d86421b5507b0862a3ebf7f"

[[projects]]
  name = "github.com/go-sql-driver/mysql"
  packages = ["."]
  revision = "3654d25ec346ee8ce71a68431025458d52a38ac0"

[[projects]]
  name = "github.com/golang/protobuf"
  packages = ["proto"]
  revision = "0c1f6d65b5a189c2250d10e71a5506f06f9fa0a0"

[[projects]]
  name = "github.com/imdario/mergo"
  packages = ["."]
  revision = "50d4dbd4eb0e84778abe37cefef140271d96fade"

[[projects]]
  name = "github.com/onsi/ginkgo"
  packages = [
    ".",
    "config",
    "extensions/table",
    "internal/codelocation",
    "internal/containernode",
    "internal/failer",
    "internal/leafnodes",
    "internal/remote",
    "internal/spec",
    "internal/specrunner",
    "internal/suite",
    "internal/testingtproxy",
    "internal/writer",
    "reporters",
    "reporters/stenographer",
    "types"
  ]
  revision = "059cec02d342bab423425a99b191186a03255e9e"

[[projects]]
  name = "github.com/onsi/gomega"
  packages = [
    ".",
    "format",
    "gbytes",
    "ghttp",
    "internal/assertion",
    "internal/asyncassertion",
    "internal/oraclematcher",
    "internal/testingtsupport",
    "matchers",
    "matchers/support/goraph/bipartitegraph",
    "matchers/support/goraph/edge",
    "matchers/support/goraph/node",
    "matchers/support/goraph/util",
    "types"
  ]
  revision = "3e93f011213c200aadafcb19ed56eb718381cfbd"

[[projects]]
  branch = "master"
  name = "github.com/pivotal-cf-experimental/service-config"
  packages = ["."]
  revision = "b1dc94de6ada8bfddf159ce2234958a8f02aec77"

[[projects]]
  branch = "v2"
  name = "gopkg.in/validator.v2"
  packages = ["."]
  revision = "3e4f037f12a1221a0864cf0dd2e81c452ab22448"

[[projects]]
  branch = "v2"
  name = "gopkg.in/yaml.v2"
  packages = ["."]
  revision = "a83829b6f1293c91addabc89d0571c246397bbf4"

[solve-meta]
  analyzer-name = "dep"
  analyzer-version = 1
  inputs-digest = "22c70eb3f6a665b178337ab2826b27a8f2fbdc7e75da8c64927fb9cc2e99a7f9"
  solver-name = "gps-cdcl"
  solver-version = 1
