code.cloudfoundry.org/bytefmt v0.0.0-20190819182555-854d396b647c/go.mod h1:wN/zk7mhREp/oviagqUXY3EwuHhWyOvAdsn5Y4CzOrc=
github.com/DATA-DOG/go-sqlmock v1.4.0/go.mod h1:3TucWNLPFOLcHhha1CPp7Kis1UG2h/AqGROPyOeZzsM=
github.com/cloudfoundry-incubator/mysql-monitoring-release/src/mysql-diag v0.0.0-20200107004719-c53b47fa5538 h1:JaxTr7fbIYpiEiavCQGPiAZZ9+EEW/WwxTzVWIq8+Cw=
github.com/cloudfoundry-incubator/mysql-monitoring-release/src/mysql-diag v0.0.0-20200107004719-c53b47fa5538/go.mod h1:vyWWRlg3wMe9uSGlFMYs5us2P6H7LbIxHnfYiBPDBew=
github.com/cloudfoundry/bytefmt v0.0.0-20160918231612-b12c1522f4cb/go.mod h1:4oo6ExqTPaBVBwSm814h6UO5Fels1kN2KvpNscaCcS0=
github.com/fatih/color v1.1.1-0.20161025120501-bf82308e8c85/go.mod h1:Zm6kSWBoL9eyXnKyktHP6abPY2pDugNf5KwzbycvMj4=
github.com/go-sql-driver/mysql v1.3.0/go.mod h1:zAC/RDZ24gD3HViQzih4MyKcchzm+sOG5ZlKdlhCg5w=
github.com/golang/protobuf v0.0.0-20161117033126-8ee79997227b/go.mod h1:6lQm79b+lXiMfvg/cZm0SGofjICqVBUtrP5yJMmIC1U=
github.com/kr/pretty v0.2.0/go.mod h1:ipq/a2n7PKx3OHsz4KJII5eveXtPO4qwEXGdVfWzfnI=
github.com/kr/pty v1.1.1/go.mod h1:pFQYn66WHrOpPYNljwOMqo10TkYh1fy3cYio2l3bCsQ=
github.com/kr/text v0.1.0/go.mod h1:4Jbv+DJW3UT/LiOwJeYQe1efqtUx/iVham/4vfdArNI=
github.com/mattn/go-colorable v0.0.7/go.mod h1:9vuHe8Xs5qXnSaW/c/ABM9alt+Vo+STaOChaDxuIBZU=
github.com/mattn/go-isatty v0.0.0-20161123143637-30a891c33c7c/go.mod h1:M+lRXTBqGeGNdLjl/ufCoiOlB5xdOkqRJdNxMWT7Zi4=
github.com/mattn/go-runewidth v0.0.2-0.20161012013512-737072b4e32b/go.mod h1:LwmH8dsx7+W8Uxz3IHJYH5QSwggIsqBzpuz5H//U1FU=
github.com/olekukonko/tablewriter v0.0.0-20160923125401-bdcc175572fd/go.mod h1:vsDQFd/mU46D+Z4whnwzcISnGGzXWMclvtLoiIKAKIo=
github.com/onsi/ginkgo v1.2.1-0.20161110180313-00054c0bb96f/go.mod h1:lLunBs/Ym6LB5Z9jYTR76FiuTmxDTDusOGeTQH+WWjE=
github.com/onsi/gomega v0.0.0-20161118205129-f1f0f388b31e/go.mod h1:C1qb7wdrVGGVU+Z6iS04AVkA3Q65CEZX59MT0QO5uiA=
golang.org/x/net v0.0.0-20161215194249-45e771701b81/go.mod h1:mL1N/T3taQHkDXs73rZJwtUhF3w3ftmwwsq0BUmARs4=
golang.org/x/sync v0.0.0-20161206014632-450f422ab23c/go.mod h1:RxMgew5VJxzue5/jJTE5uejpjVlOe/izrB70Jof72aM=
golang.org/x/sync v0.0.0-20190911185100-cd5d95a43a6e/go.mod h1:RxMgew5VJxzue5/jJTE5uejpjVlOe/izrB70Jof72aM=
golang.org/x/sys v0.0.0-20161205170828-478fcf54317e/go.mod h1:STP8DvDyc/dI5b8T5hshtkjS+E42TnysNCUPdjciGhY=
golang.org/x/sys v0.0.0-20161214190518-d75a52659825 h1:4d9VvrP9mESHxCpAwE1G5e1D8Ybj9v7pX19HkGQV0lk=
golang.org/x/sys v0.0.0-20161214190518-d75a52659825/go.mod h1:STP8DvDyc/dI5b8T5hshtkjS+E42TnysNCUPdjciGhY=
gopkg.in/check.v1 v1.0.0-20190902080502-41f04d3bba15/go.mod h1:Co6ibVJAznAaIkqp8huTwlJQCZ016jof/cbN4VW5Yz0=
gopkg.in/yaml.v2 v2.0.0-20160928153709-a5b47d31c556/go.mod h1:JAlM8MvJe8wmxCU4Bli9HhUf9+ttbYbLASfIpnQbh74=
