code.cloudfoundry.org/go-diodes v0.0.0-20180717154652-3385e722aaa0 h1:Xwfl2tBiDSMREDKQjb1skPz5YmRWbBRL3lIzm+ZFPLo=
code.cloudfoundry.org/go-diodes v0.0.0-20180717154652-3385e722aaa0/go.mod h1:Jzi+ccHgo/V/PLQUaQ6hnZcC1c4BS790gx21LRRui4g=
code.cloudfoundry.org/go-loggregator v7.0.0+incompatible h1:RjiphJts0Cja7zrt09YLZetVdCHSJ8YQWSAgSMMFn6M=
code.cloudfoundry.org/go-loggregator v7.0.0+incompatible/go.mod h1:KPBTRqj+y738Nhf1+g4JHFaBU8j7dedirR5ETNHvMXU=
code.cloudfoundry.org/lager v1.1.0 h1:v0RELJ2jqTeF2DW7PNjZaaGlrXbVxJBVz3uLxdP3fuY=
code.cloudfoundry.org/lager v1.1.0/go.mod h1:O2sS7gKP3HM2iemG+EnwvyNQK7pTSC6Foi4QiMp9sSk=
code.cloudfoundry.org/rfc5424 v0.0.0-20170822183049-769e2ed6887e h1:/dDrXXpNoE8Zjj1kHpwTNRik8OX2RuNxy2ptxInPPdQ=
code.cloudfoundry.org/rfc5424 v0.0.0-20170822183049-769e2ed6887e/go.mod h1:tkZo8GtzBjySJ7USvxm4E36lNQw1D3xM6oKHGqdaAJ4=
github.com/DATA-DOG/go-sqlmock v1.3.0 h1:ljjRxlddjfChBJdFKJs5LuCwCWPLaC1UZLwAo3PBBMk=
github.com/DATA-DOG/go-sqlmock v1.3.0/go.mod h1:f/Ixk793poVmq4qj/V1dPUg2JEAKC73Q5eFN3EC/SaM=
github.com/GeertJohan/fgt v0.0.0-20160120143236-262f7b11eec0 h1:onmsMcmF/EIYUxqy4bWwV/tmPhJx6Y3bBNlnwANFhS4=
github.com/GeertJohan/fgt v0.0.0-20160120143236-262f7b11eec0/go.mod h1:VTH/oZwsQNNdzVhP2R366GZGFfksyOchw5rcIj2QpLI=
github.com/fsnotify/fsnotify v1.4.7/go.mod h1:jwhsz4b93w/PPRr/qN1Yymfu8t87LnFCMoQvtojpjFo=
github.com/go-sql-driver/mysql v1.4.0 h1:7LxgVwFb2hIQtMm87NdgAVfXjnt4OePseqT1tKx+opk=
github.com/go-sql-driver/mysql v1.4.0/go.mod h1:zAC/RDZ24gD3HViQzih4MyKcchzm+sOG5ZlKdlhCg5w=
github.com/golang/glog v0.0.0-20160126235308-23def4e6c14b/go.mod h1:SBH7ygxi8pfUlaOkMMuAQtPIUF8ecWP5IEl/CR7VP2Q=
github.com/golang/protobuf v1.1.0 h1:0iH4Ffd/meGoXqF2lSAhZHt8X+cPgkfn/cb6Cce5Vpc=
github.com/golang/protobuf v1.1.0/go.mod h1:6lQm79b+lXiMfvg/cZm0SGofjICqVBUtrP5yJMmIC1U=
github.com/hashicorp/errwrap v0.0.0-20180715044906-d6c0cd880357 h1:Rem2+U35z1QtPQc6r+WolF7yXiefXqDKyk+lN2pE164=
github.com/hashicorp/errwrap v0.0.0-20180715044906-d6c0cd880357/go.mod h1:YH+1FKiLXxHSkmPseP+kNlulaMuP3n2brvKWEqk/Jc4=
github.com/hashicorp/go-multierror v0.0.0-20180717150148-3d5d8f294aa0 h1:j30noezaCfvNLcdMYSvHLv81DxYRSt1grlpseG67vhU=
github.com/hashicorp/go-multierror v0.0.0-20180717150148-3d5d8f294aa0/go.mod h1:JMRHfdO9jKNzS/+BTlxCjKNQHg/jZAft8U7LloJvN7I=
github.com/hpcloud/tail v1.0.1-0.20180514194441-a1dbeea552b7 h1:Ysi1UhrSyBltF8f+3RAt4UaqHc+53JJ0jyl0pY0sfck=
github.com/hpcloud/tail v1.0.1-0.20180514194441-a1dbeea552b7/go.mod h1:ab1qPbhIpdTxEkNHXyeSf5vhxWSCs/tWer42PpOxQnU=
github.com/onsi/ginkgo v1.6.0 h1:Ix8l273rp3QzYgXSR+c8d1fTG7UPgYkOSELPhiY/YGw=
github.com/onsi/ginkgo v1.6.0/go.mod h1:lLunBs/Ym6LB5Z9jYTR76FiuTmxDTDusOGeTQH+WWjE=
github.com/onsi/gomega v1.4.1 h1:PZSj/UFNaVp3KxrzHOcS7oyuWA7LoOY/77yCTEFu21U=
github.com/onsi/gomega v1.4.1/go.mod h1:C1qb7wdrVGGVU+Z6iS04AVkA3Q65CEZX59MT0QO5uiA=
golang.org/x/net v0.0.0-20180801234040-f4c29de78a2a h1:8fCF9zjAir2SP3N+axz9xs+0r4V8dqPzqsWO10t8zoo=
golang.org/x/net v0.0.0-20180801234040-f4c29de78a2a/go.mod h1:mL1N/T3taQHkDXs73rZJwtUhF3w3ftmwwsq0BUmARs4=
golang.org/x/sync v0.0.0-20190911185100-cd5d95a43a6e/go.mod h1:RxMgew5VJxzue5/jJTE5uejpjVlOe/izrB70Jof72aM=
golang.org/x/sys v0.0.0-20180806192500-2be389f392cd h1:KFYUs6SCkSktZ+xJWb5YbuSCJLLphbTsg0kvyirtlQ8=
golang.org/x/sys v0.0.0-20180806192500-2be389f392cd/go.mod h1:STP8DvDyc/dI5b8T5hshtkjS+E42TnysNCUPdjciGhY=
golang.org/x/text v0.3.0 h1:g61tztE5qeGQ89tm6NTjjM9VPIm088od1l6aSorWRWg=
golang.org/x/text v0.3.0/go.mod h1:NqM8EUOU14njkJ3fqMW+pc6Ldnwhi/IjpwHt7yyuwOQ=
google.golang.org/appengine v1.1.0/go.mod h1:EbEs0AVv82hx2wNQdGPgUI5lhzA/G0D9YwlJXL52JkM=
google.golang.org/genproto v0.0.0-20180731170733-daca94659cb5 h1:2PjFmwzH/sxgW9CRJDlEiwMHO8rOk1eMDzVL14HC1e4=
google.golang.org/genproto v0.0.0-20180731170733-daca94659cb5/go.mod h1:JiN7NxoALGmiZfu7CAH4rXhgtRTLTxftemlI0sWmxmc=
google.golang.org/grpc v1.14.0 h1:ArxJuB1NWfPY6r9Gp9gqwplT0Ge7nqv9msgu03lHLmo=
google.golang.org/grpc v1.14.0/go.mod h1:yo6s7OP7yaDglbqo1J04qKzAhqBH6lvTonzMVmEdcZw=
gopkg.in/check.v1 v0.0.0-20161208181325-20d25e280405/go.mod h1:Co6ibVJAznAaIkqp8huTwlJQCZ016jof/cbN4VW5Yz0=
gopkg.in/fsnotify/fsnotify.v1 v1.4.7 h1:XNNYLJHt73EyYiCZi6+xjupS9CpvmiDgjPTAjrBlQbo=
gopkg.in/fsnotify/fsnotify.v1 v1.4.7/go.mod h1:Fyux9zXlo4rWoMSIzpn9fDAYjalPqJ/K1qJ27s+7ltE=
gopkg.in/tomb.v1 v1.0.0-20141024135613-dd632973f1e7 h1:uRGJdciOHaEIrze2W8Q3AKkepLTh2hOroT7a+7czfdQ=
gopkg.in/tomb.v1 v1.0.0-20141024135613-dd632973f1e7/go.mod h1:dt/ZhP58zS4L8KSrWDmTeBkI65Dw0HsyUHuEVlX15mw=
gopkg.in/yaml.v2 v2.2.1 h1:mUhvW9EsL+naU5Q3cakzfE91YhliOondGd6ZrsDBHQE=
gopkg.in/yaml.v2 v2.2.1/go.mod h1:hI93XBmqTisBFMUTm0b8Fm+jr3Dg1NNxqwp+5A1VGuI=
