# This file is autogenerated, do not edit; changes may be undone by the next 'dep ensure'.


[[projects]]
  branch = "master"
  digest = "1:f509889ddce7b81cecc38b02ddca7728c34c214bb3ea92cba2498ac06ca09843"
  name = "code.cloudfoundry.org/go-diodes"
  packages = ["."]
  pruneopts = ""
  revision = "3385e722aaa0b227aa64439d3c451eb626aa5ac3"

[[projects]]
  digest = "1:dc61199ade4e91940d167276044bc48bcfead2504435561c9d3b01647847964d"
  name = "code.cloudfoundry.org/go-loggregator"
  packages = [
    ".",
    "rpc/loggregator_v2",
  ]
  pruneopts = ""
  revision = "b65094b363c941d15a5d896c7cb8354b1ab65c7d"
  version = "v7.0.0"

[[projects]]
  digest = "1:f36feb7bd3cdc782f5b83e85e512a21bdd4cff9c72aee093549d4ab3a97a5473"
  name = "code.cloudfoundry.org/lager"
  packages = ["."]
  pruneopts = ""
  revision = "b60e04e119450552243196105bae0d42179ee0ca"
  version = "v1.1.0"

[[projects]]
  branch = "master"
  digest = "1:991216c84c6992eeda23d29f74b2eef6923c10c930d384d70f8709112ea43508"
  name = "code.cloudfoundry.org/rfc5424"
  packages = ["."]
  pruneopts = ""
  revision = "769e2ed6887e639e9a2b9492fad9844dd2846ca0"

[[projects]]
  digest = "1:4014584c076f25aaf35d9de36c79ae2d208bba32c780f405e3395dad79292e22"
  name = "github.com/DATA-DOG/go-sqlmock"
  packages = ["."]
  pruneopts = ""
  revision = "d76b18b42f285b792bf985118980ce9eacea9d10"
  version = "v1.3.0"

[[projects]]
  digest = "1:c07de423ca37dc2765396d6971599ab652a339538084b9b58c9f7fc533b28525"
  name = "github.com/go-sql-driver/mysql"
  packages = ["."]
  pruneopts = ""
  revision = "d523deb1b23d913de5bdada721a6071e71283618"
  version = "v1.4.0"

[[projects]]
  digest = "1:f958a1c137db276e52f0b50efee41a1a389dcdded59a69711f3e872757dab34b"
  name = "github.com/golang/protobuf"
  packages = [
    "proto",
    "ptypes",
    "ptypes/any",
    "ptypes/duration",
    "ptypes/timestamp",
  ]
  pruneopts = ""
  revision = "b4deda0973fb4c70b50d226b1af49f3da59f5265"
  version = "v1.1.0"

[[projects]]
  branch = "master"
  digest = "1:4fe55793760295fbef367890352b720784243e0ad19b5ee242519a4682bb9ef8"
  name = "github.com/hashicorp/errwrap"
  packages = ["."]
  pruneopts = ""
  revision = "d6c0cd88035724dd42e0f335ae30161c20575ecc"

[[projects]]
  branch = "master"
  digest = "1:0b5ca7d18e4ded1e4dacbb37ff027cb40a80c0fed969e4e03cf7aff129bc1b44"
  name = "github.com/hashicorp/go-multierror"
  packages = ["."]
  pruneopts = ""
  revision = "3d5d8f294aa03d8e98859feac328afbdf1ae0703"

[[projects]]
  branch = "master"
  digest = "1:1d80b641c3e7a2c14000a1703d6ea3dc9755d42ca44342a455cbeaf0d8fe1cc1"
  name = "github.com/hpcloud/tail"
  packages = [
    ".",
    "ratelimiter",
    "util",
    "watch",
    "winfile",
  ]
  pruneopts = ""
  revision = "a1dbeea552b7c8df4b542c66073e393de198a800"

[[projects]]
  digest = "1:a3735b0978a8b53fc2ac97a6f46ca1189f0712a00df86d6ec4cf26c1a25e6d77"
  name = "github.com/onsi/ginkgo"
  packages = [
    ".",
    "config",
    "extensions/table",
    "internal/codelocation",
    "internal/containernode",
    "internal/failer",
    "internal/leafnodes",
    "internal/remote",
    "internal/spec",
    "internal/spec_iterator",
    "internal/specrunner",
    "internal/suite",
    "internal/testingtproxy",
    "internal/writer",
    "reporters",
    "reporters/stenographer",
    "reporters/stenographer/support/go-colorable",
    "reporters/stenographer/support/go-isatty",
    "types",
  ]
  pruneopts = ""
  revision = "eea6ad008b96acdaa524f5b409513bf062b500ad"
  version = "v1.8.0"

[[projects]]
  digest = "1:a2453f1424ddc8c28a93b2bb59f9503f61f4a1a3a4719b007c8d48a2cada631b"
  name = "github.com/onsi/gomega"
  packages = [
    ".",
    "format",
    "gbytes",
    "gexec",
    "internal/assertion",
    "internal/asyncassertion",
    "internal/oraclematcher",
    "internal/testingtsupport",
    "matchers",
    "matchers/support/goraph/bipartitegraph",
    "matchers/support/goraph/edge",
    "matchers/support/goraph/node",
    "matchers/support/goraph/util",
    "types",
  ]
  pruneopts = ""
  revision = "b6ea1ea48f981d0f615a154a45eabb9dd466556d"
  version = "v1.4.1"

[[projects]]
  branch = "master"
  digest = "1:b970d5e8b11b4c8927a06298566eb8daf66a009702688b4142cc2a961e374e91"
  name = "golang.org/x/net"
  packages = [
    "context",
    "html",
    "html/atom",
    "html/charset",
    "http/httpguts",
    "http2",
    "http2/hpack",
    "idna",
    "internal/timeseries",
    "trace",
  ]
  pruneopts = ""
  revision = "f4c29de78a2a91c00474a2e689954305c350adf9"

[[projects]]
  branch = "master"
  digest = "1:41e7b97b66e984325fed9d6cd43ca9e2efdd3c711980916ad444667d633f13f1"
  name = "golang.org/x/sys"
  packages = ["unix"]
  pruneopts = ""
  revision = "2be389f392cd91df245b41638f818a1c041f0c08"

[[projects]]
  digest = "1:5acd3512b047305d49e8763eef7ba423901e85d5dd2fd1e71778a0ea8de10bd4"
  name = "golang.org/x/text"
  packages = [
    "collate",
    "collate/build",
    "encoding",
    "encoding/charmap",
    "encoding/htmlindex",
    "encoding/internal",
    "encoding/internal/identifier",
    "encoding/japanese",
    "encoding/korean",
    "encoding/simplifiedchinese",
    "encoding/traditionalchinese",
    "encoding/unicode",
    "internal/colltab",
    "internal/gen",
    "internal/tag",
    "internal/triegen",
    "internal/ucd",
    "internal/utf8internal",
    "language",
    "runes",
    "secure/bidirule",
    "transform",
    "unicode/bidi",
    "unicode/cldr",
    "unicode/norm",
    "unicode/rangetable",
  ]
  pruneopts = ""
  revision = "f21a4dfb5e38f5895301dc265a8def02365cc3d0"
  version = "v0.3.0"

[[projects]]
  digest = "1:c1771ca6060335f9768dff6558108bc5ef6c58506821ad43377ee23ff059e472"
  name = "google.golang.org/appengine"
  packages = ["cloudsql"]
  pruneopts = ""
  revision = "b1f26356af11148e710935ed1ac8a7f5702c7612"
  version = "v1.1.0"

[[projects]]
  branch = "master"
  digest = "1:c7ecd434ece8887311c33ea3c731e2fb42f43092a43545e350b493b9dcb023b2"
  name = "google.golang.org/genproto"
  packages = ["googleapis/rpc/status"]
  pruneopts = ""
  revision = "daca94659cb50e9f37c1b834680f2e46358f10b0"

[[projects]]
  digest = "1:ca75b3775a5d4e5d1fb48f57ef0865b4aaa8b3f00e6b52be68db991c4594e0a7"
  name = "google.golang.org/grpc"
  packages = [
    ".",
    "balancer",
    "balancer/base",
    "balancer/roundrobin",
    "codes",
    "connectivity",
    "credentials",
    "encoding",
    "encoding/proto",
    "grpclog",
    "internal",
    "internal/backoff",
    "internal/channelz",
    "internal/envconfig",
    "internal/grpcrand",
    "internal/transport",
    "keepalive",
    "metadata",
    "naming",
    "peer",
    "resolver",
    "resolver/dns",
    "resolver/passthrough",
    "stats",
    "status",
    "tap",
  ]
  pruneopts = ""
  revision = "32fb0ac620c32ba40a4626ddf94d90d12cce3455"
  version = "v1.14.0"

[[projects]]
  digest = "1:eb53021a8aa3f599d29c7102e65026242bdedce998a54837dc67f14b6a97c5fd"
  name = "gopkg.in/fsnotify/fsnotify.v1"
  packages = ["."]
  pruneopts = ""
  revision = "c2828203cd70a50dcccfb2761f8b1f8ceef9a8e9"
  version = "v1.4.7"

[[projects]]
  branch = "v1"
  digest = "1:a96d16bd088460f2e0685d46c39bcf1208ba46e0a977be2df49864ec7da447dd"
  name = "gopkg.in/tomb.v1"
  packages = ["."]
  pruneopts = ""
  revision = "dd632973f1e7218eb1089048e0798ec9ae7dceb8"

[[projects]]
  digest = "1:f0620375dd1f6251d9973b5f2596228cc8042e887cd7f827e4220bc1ce8c30e2"
  name = "gopkg.in/yaml.v2"
  packages = ["."]
  pruneopts = ""
  revision = "5420a8b6744d3b0345ab293f6fcba19c978f1183"
  version = "v2.2.1"

[solve-meta]
  analyzer-name = "dep"
  analyzer-version = 1
  input-imports = [
    "code.cloudfoundry.org/go-loggregator",
    "code.cloudfoundry.org/lager",
    "github.com/DATA-DOG/go-sqlmock",
    "github.com/go-sql-driver/mysql",
    "github.com/hashicorp/go-multierror",
    "github.com/onsi/ginkgo",
    "github.com/onsi/ginkgo/extensions/table",
    "github.com/onsi/gomega",
    "github.com/onsi/gomega/gexec",
    "gopkg.in/yaml.v2",
  ]
  solver-name = "gps-cdcl"
  solver-version = 1
